
Microsoft Visual Studio Solution File, Format Version 12.00
# Visual Studio Version 16
VisualStudioVersion = 16.0.30011.22
MinimumVisualStudioVersion = 10.0.40219.1
Project("{FAE04EC0-301F-11D3-BF4B-00C04F79EFBC}") = "STR_MESSAGES", "STR_MESSAGES\STR_MESSAGES.csproj", "{D041C627-D310-49B1-BAF6-84A6BF638F02}"
EndProject
Project("{2150E333-8FDC-42A3-9474-1A3956D46DE8}") = "Client", "Client", "{6B7658D3-D155-46FF-A116-5A77E0D738E3}"
EndProject
Project("{FAE04EC0-301F-11D3-BF4B-00C04F79EFBC}") = "Main", "Client\Main\Main.csproj", "{F36FF084-2ACE-4071-98F5-1579308FA269}"
EndProject
Project("{FAE04EC0-301F-11D3-BF4B-00C04F79EFBC}") = "CUT", "Client\CUT\CUT.csproj", "{5505E19F-4E64-43A9-901D-8A83C1814314}"
EndProject
Project("{2150E333-8FDC-42A3-9474-1A3956D46DE8}") = "Serveur", "Serveur", "{61D374A5-6DE2-4866-9E4F-87D56F05D797}"
EndProject
Project("{FAE04EC0-301F-11D3-BF4B-00C04F79EFBC}") = "Serveur", "Serveur\Serveur\Serveur.csproj", "{E4B1C096-A223-47EF-98B6-388BFF65D1F9}"
EndProject
Project("{FAE04EC0-301F-11D3-BF4B-00C04F79EFBC}") = "Services", "Serveur\Services\Services.csproj", "{5FB361C0-BD62-4041-9E7E-80212DF20362}"
EndProject
Project("{FAE04EC0-301F-11D3-BF4B-00C04F79EFBC}") = "EM", "Serveur\EM\EM.csproj", "{DD725C2F-EDA1-4105-94B9-68F202746399}"
EndProject
Project("{FAE04EC0-301F-11D3-BF4B-00C04F79EFBC}") = "Controller", "Serveur\Controller\Controller.csproj", "{DDEC3118-3242-4E93-94F5-04E51A5C4D62}"
EndProject
Project("{FAE04EC0-301F-11D3-BF4B-00C04F79EFBC}") = "CM", "Serveur\CM\CM.csproj", "{87FE3019-301B-48DE-A53E-A5C2A3132D9A}"
EndProject
Project("{FAE04EC0-301F-11D3-BF4B-00C04F79EFBC}") = "CAM", "Serveur\CAM\CAM.csproj", "{9AE9CC78-D899-466F-BD59-07071AC8A9B2}"
EndProject
Project("{FAE04EC0-301F-11D3-BF4B-00C04F79EFBC}") = "CAD", "Serveur\CAD\CAD.csproj", "{AA1D6FD0-C191-4E0C-9B7B-87707C1ADC02}"
EndProject
Global
	GlobalSection(SolutionConfigurationPlatforms) = preSolution
		Debug|Any CPU = Debug|Any CPU
		Release|Any CPU = Release|Any CPU
	EndGlobalSection
	GlobalSection(ProjectConfigurationPlatforms) = postSolution
		{D041C627-D310-49B1-BAF6-84A6BF638F02}.Debug|Any CPU.ActiveCfg = Debug|Any CPU
		{D041C627-D310-49B1-BAF6-84A6BF638F02}.Debug|Any CPU.Build.0 = Debug|Any CPU
		{D041C627-D310-49B1-BAF6-84A6BF638F02}.Release|Any CPU.ActiveCfg = Release|Any CPU
		{D041C627-D310-49B1-BAF6-84A6BF638F02}.Release|Any CPU.Build.0 = Release|Any CPU
		{F36FF084-2ACE-4071-98F5-1579308FA269}.Debug|Any CPU.ActiveCfg = Debug|Any CPU
		{F36FF084-2ACE-4071-98F5-1579308FA269}.Debug|Any CPU.Build.0 = Debug|Any CPU
		{F36FF084-2ACE-4071-98F5-1579308FA269}.Release|Any CPU.ActiveCfg = Release|Any CPU
		{F36FF084-2ACE-4071-98F5-1579308FA269}.Release|Any CPU.Build.0 = Release|Any CPU
		{5505E19F-4E64-43A9-901D-8A83C1814314}.Debug|Any CPU.ActiveCfg = Debug|Any CPU
		{5505E19F-4E64-43A9-901D-8A83C1814314}.Debug|Any CPU.Build.0 = Debug|Any CPU
		{5505E19F-4E64-43A9-901D-8A83C1814314}.Release|Any CPU.ActiveCfg = Release|Any CPU
		{5505E19F-4E64-43A9-901D-8A83C1814314}.Release|Any CPU.Build.0 = Release|Any CPU
		{E4B1C096-A223-47EF-98B6-388BFF65D1F9}.Debug|Any CPU.ActiveCfg = Debug|Any CPU
		{E4B1C096-A223-47EF-98B6-388BFF65D1F9}.Debug|Any CPU.Build.0 = Debug|Any CPU
		{E4B1C096-A223-47EF-98B6-388BFF65D1F9}.Release|Any CPU.ActiveCfg = Release|Any CPU
		{E4B1C096-A223-47EF-98B6-388BFF65D1F9}.Release|Any CPU.Build.0 = Release|Any CPU
		{5FB361C0-BD62-4041-9E7E-80212DF20362}.Debug|Any CPU.ActiveCfg = Debug|Any CPU
		{5FB361C0-BD62-4041-9E7E-80212DF20362}.Debug|Any CPU.Build.0 = Debug|Any CPU
		{5FB361C0-BD62-4041-9E7E-80212DF20362}.Release|Any CPU.ActiveCfg = Release|Any CPU
		{5FB361C0-BD62-4041-9E7E-80212DF20362}.Release|Any CPU.Build.0 = Release|Any CPU
		{DD725C2F-EDA1-4105-94B9-68F202746399}.Debug|Any CPU.ActiveCfg = Debug|Any CPU
		{DD725C2F-EDA1-4105-94B9-68F202746399}.Debug|Any CPU.Build.0 = Debug|Any CPU
		{DD725C2F-EDA1-4105-94B9-68F202746399}.Release|Any CPU.ActiveCfg = Release|Any CPU
		{DD725C2F-EDA1-4105-94B9-68F202746399}.Release|Any CPU.Build.0 = Release|Any CPU
		{DDEC3118-3242-4E93-94F5-04E51A5C4D62}.Debug|Any CPU.ActiveCfg = Debug|Any CPU
		{DDEC3118-3242-4E93-94F5-04E51A5C4D62}.Debug|Any CPU.Build.0 = Debug|Any CPU
		{DDEC3118-3242-4E93-94F5-04E51A5C4D62}.Release|Any CPU.ActiveCfg = Release|Any CPU
		{DDEC3118-3242-4E93-94F5-04E51A5C4D62}.Release|Any CPU.Build.0 = Release|Any CPU
		{87FE3019-301B-48DE-A53E-A5C2A3132D9A}.Debug|Any CPU.ActiveCfg = Debug|Any CPU
		{87FE3019-301B-48DE-A53E-A5C2A3132D9A}.Debug|Any CPU.Build.0 = Debug|Any CPU
		{87FE3019-301B-48DE-A53E-A5C2A3132D9A}.Release|Any CPU.ActiveCfg = Release|Any CPU
		{87FE3019-301B-48DE-A53E-A5C2A3132D9A}.Release|Any CPU.Build.0 = Release|Any CPU
		{9AE9CC78-D899-466F-BD59-07071AC8A9B2}.Debug|Any CPU.ActiveCfg = Debug|Any CPU
		{9AE9CC78-D899-466F-BD59-07071AC8A9B2}.Debug|Any CPU.Build.0 = Debug|Any CPU
		{9AE9CC78-D899-466F-BD59-07071AC8A9B2}.Release|Any CPU.ActiveCfg = Release|Any CPU
		{9AE9CC78-D899-466F-BD59-07071AC8A9B2}.Release|Any CPU.Build.0 = Release|Any CPU
		{AA1D6FD0-C191-4E0C-9B7B-87707C1ADC02}.Debug|Any CPU.ActiveCfg = Debug|Any CPU
		{AA1D6FD0-C191-4E0C-9B7B-87707C1ADC02}.Debug|Any CPU.Build.0 = Debug|Any CPU
		{AA1D6FD0-C191-4E0C-9B7B-87707C1ADC02}.Release|Any CPU.ActiveCfg = Release|Any CPU
		{AA1D6FD0-C191-4E0C-9B7B-87707C1ADC02}.Release|Any CPU.Build.0 = Release|Any CPU
	EndGlobalSection
	GlobalSection(SolutionProperties) = preSolution
		HideSolutionNode = FALSE
	EndGlobalSection
	GlobalSection(NestedProjects) = preSolution
		{F36FF084-2ACE-4071-98F5-1579308FA269} = {6B7658D3-D155-46FF-A116-5A77E0D738E3}
		{5505E19F-4E64-43A9-901D-8A83C1814314} = {6B7658D3-D155-46FF-A116-5A77E0D738E3}
		{E4B1C096-A223-47EF-98B6-388BFF65D1F9} = {61D374A5-6DE2-4866-9E4F-87D56F05D797}
		{5FB361C0-BD62-4041-9E7E-80212DF20362} = {61D374A5-6DE2-4866-9E4F-87D56F05D797}
		{DD725C2F-EDA1-4105-94B9-68F202746399} = {61D374A5-6DE2-4866-9E4F-87D56F05D797}
		{DDEC3118-3242-4E93-94F5-04E51A5C4D62} = {61D374A5-6DE2-4866-9E4F-87D56F05D797}
		{87FE3019-301B-48DE-A53E-A5C2A3132D9A} = {61D374A5-6DE2-4866-9E4F-87D56F05D797}
		{9AE9CC78-D899-466F-BD59-07071AC8A9B2} = {61D374A5-6DE2-4866-9E4F-87D56F05D797}
		{AA1D6FD0-C191-4E0C-9B7B-87707C1ADC02} = {61D374A5-6DE2-4866-9E4F-87D56F05D797}
	EndGlobalSection
	GlobalSection(ExtensibilityGlobals) = postSolution
		SolutionGuid = {22E2E1E8-1290-4578-831A-9A2E416FF729}
	EndGlobalSection
EndGlobal
